
Microsoft Visual Studio Solution File, Format Version 12.00
# Visual Studio Version 16
VisualStudioVersion = 16.0.32126.315
MinimumVisualStudioVersion = 10.0.40219.1
Project("{FAE04EC0-301F-11D3-BF4B-00C04F79EFBC}") = "Inheritance Demo", "Inheritance Demo\Inheritance Demo.csproj", "{3C456688-8349-492D-8A44-192A0258AB5F}"
EndProject
Global
	GlobalSection(SolutionConfigurationPlatforms) = preSolution
		Debug|Any CPU = Debug|Any CPU
		Release|Any CPU = Release|Any CPU
	EndGlobalSection
	GlobalSection(ProjectConfigurationPlatforms) = postSolution
		{3C456688-8349-492D-8A44-192A0258AB5F}.Debug|Any CPU.ActiveCfg = Debug|Any CPU
		{3C456688-8349-492D-8A44-192A0258AB5F}.Debug|Any CPU.Build.0 = Debug|Any CPU
		{3C456688-8349-492D-8A44-192A0258AB5F}.Release|Any CPU.ActiveCfg = Release|Any CPU
		{3C456688-8349-492D-8A44-192A0258AB5F}.Release|Any CPU.Build.0 = Release|Any CPU
	EndGlobalSection
	GlobalSection(SolutionProperties) = preSolution
		HideSolutionNode = FALSE
	EndGlobalSection
	GlobalSection(ExtensibilityGlobals) = postSolution
		SolutionGuid = {75BAF7C3-0C79-4448-ADE1-246DE8BD2D34}
	EndGlobalSection
EndGlobal
