
Microsoft Visual Studio Solution File, Format Version 12.00
# Visual Studio Version 16
VisualStudioVersion = 16.0.32228.343
MinimumVisualStudioVersion = 10.0.40219.1
Project("{FAE04EC0-301F-11D3-BF4B-00C04F79EFBC}") = "WPF 15 PasswordBox", "WPF 15 PasswordBox\WPF 15 PasswordBox.csproj", "{9507A13A-FF6A-4009-9BC1-23EA6F9ABE2C}"
EndProject
Global
	GlobalSection(SolutionConfigurationPlatforms) = preSolution
		Debug|Any CPU = Debug|Any CPU
		Release|Any CPU = Release|Any CPU
	EndGlobalSection
	GlobalSection(ProjectConfigurationPlatforms) = postSolution
		{9507A13A-FF6A-4009-9BC1-23EA6F9ABE2C}.Debug|Any CPU.ActiveCfg = Debug|Any CPU
		{9507A13A-FF6A-4009-9BC1-23EA6F9ABE2C}.Debug|Any CPU.Build.0 = Debug|Any CPU
		{9507A13A-FF6A-4009-9BC1-23EA6F9ABE2C}.Release|Any CPU.ActiveCfg = Release|Any CPU
		{9507A13A-FF6A-4009-9BC1-23EA6F9ABE2C}.Release|Any CPU.Build.0 = Release|Any CPU
	EndGlobalSection
	GlobalSection(SolutionProperties) = preSolution
		HideSolutionNode = FALSE
	EndGlobalSection
	GlobalSection(ExtensibilityGlobals) = postSolution
		SolutionGuid = {40F1F963-581A-43DA-A9D3-B77D738FFCB0}
	EndGlobalSection
EndGlobal
