<<<<<<< HEAD
﻿
Microsoft Visual Studio Solution File, Format Version 12.00
# Visual Studio Version 16
VisualStudioVersion = 16.0.31911.196
MinimumVisualStudioVersion = 10.0.40219.1
Project("{FAE04EC0-301F-11D3-BF4B-00C04F79EFBC}") = "Queue", "Queue\Queue.csproj", "{005CEED9-82E0-4D64-BE28-FAE59F5CFB43}"
EndProject
Global
	GlobalSection(SolutionConfigurationPlatforms) = preSolution
		Debug|Any CPU = Debug|Any CPU
		Release|Any CPU = Release|Any CPU
	EndGlobalSection
	GlobalSection(ProjectConfigurationPlatforms) = postSolution
		{005CEED9-82E0-4D64-BE28-FAE59F5CFB43}.Debug|Any CPU.ActiveCfg = Debug|Any CPU
		{005CEED9-82E0-4D64-BE28-FAE59F5CFB43}.Debug|Any CPU.Build.0 = Debug|Any CPU
		{005CEED9-82E0-4D64-BE28-FAE59F5CFB43}.Release|Any CPU.ActiveCfg = Release|Any CPU
		{005CEED9-82E0-4D64-BE28-FAE59F5CFB43}.Release|Any CPU.Build.0 = Release|Any CPU
	EndGlobalSection
	GlobalSection(SolutionProperties) = preSolution
		HideSolutionNode = FALSE
	EndGlobalSection
	GlobalSection(ExtensibilityGlobals) = postSolution
		SolutionGuid = {D1DDF00E-1C71-4487-9C67-84330C25E359}
	EndGlobalSection
EndGlobal
=======
﻿
Microsoft Visual Studio Solution File, Format Version 12.00
# Visual Studio Version 16
VisualStudioVersion = 16.0.31911.196
MinimumVisualStudioVersion = 10.0.40219.1
Project("{FAE04EC0-301F-11D3-BF4B-00C04F79EFBC}") = "Queue", "Queue\Queue.csproj", "{005CEED9-82E0-4D64-BE28-FAE59F5CFB43}"
EndProject
Global
	GlobalSection(SolutionConfigurationPlatforms) = preSolution
		Debug|Any CPU = Debug|Any CPU
		Release|Any CPU = Release|Any CPU
	EndGlobalSection
	GlobalSection(ProjectConfigurationPlatforms) = postSolution
		{005CEED9-82E0-4D64-BE28-FAE59F5CFB43}.Debug|Any CPU.ActiveCfg = Debug|Any CPU
		{005CEED9-82E0-4D64-BE28-FAE59F5CFB43}.Debug|Any CPU.Build.0 = Debug|Any CPU
		{005CEED9-82E0-4D64-BE28-FAE59F5CFB43}.Release|Any CPU.ActiveCfg = Release|Any CPU
		{005CEED9-82E0-4D64-BE28-FAE59F5CFB43}.Release|Any CPU.Build.0 = Release|Any CPU
	EndGlobalSection
	GlobalSection(SolutionProperties) = preSolution
		HideSolutionNode = FALSE
	EndGlobalSection
	GlobalSection(ExtensibilityGlobals) = postSolution
		SolutionGuid = {D1DDF00E-1C71-4487-9C67-84330C25E359}
	EndGlobalSection
EndGlobal
>>>>>>> parent of 2f74282 (Delete Chapter 6 - Collections in C# directory)
