
Microsoft Visual Studio Solution File, Format Version 12.00
# Visual Studio Version 16
VisualStudioVersion = 16.0.31729.503
MinimumVisualStudioVersion = 10.0.40219.1
Project("{FAE04EC0-301F-11D3-BF4B-00C04F79EFBC}") = "Challenge datatype and variables", "Challenge datatype and variables\Challenge datatype and variables.csproj", "{254BC1F4-5171-416C-B3BF-32743201EA43}"
EndProject
Global
	GlobalSection(SolutionConfigurationPlatforms) = preSolution
		Debug|Any CPU = Debug|Any CPU
		Release|Any CPU = Release|Any CPU
	EndGlobalSection
	GlobalSection(ProjectConfigurationPlatforms) = postSolution
		{254BC1F4-5171-416C-B3BF-32743201EA43}.Debug|Any CPU.ActiveCfg = Debug|Any CPU
		{254BC1F4-5171-416C-B3BF-32743201EA43}.Debug|Any CPU.Build.0 = Debug|Any CPU
		{254BC1F4-5171-416C-B3BF-32743201EA43}.Release|Any CPU.ActiveCfg = Release|Any CPU
		{254BC1F4-5171-416C-B3BF-32743201EA43}.Release|Any CPU.Build.0 = Release|Any CPU
	EndGlobalSection
	GlobalSection(SolutionProperties) = preSolution
		HideSolutionNode = FALSE
	EndGlobalSection
	GlobalSection(ExtensibilityGlobals) = postSolution
		SolutionGuid = {5B1FBC80-FBEA-482B-AF26-DB747DFF71FC}
	EndGlobalSection
EndGlobal
