
Microsoft Visual Studio Solution File, Format Version 12.00
# Visual Studio Version 16
VisualStudioVersion = 16.0.31729.503
MinimumVisualStudioVersion = 10.0.40219.1
Project("{FAE04EC0-301F-11D3-BF4B-00C04F79EFBC}") = "Try Parse Intro", "Try Parse Intro\Try Parse Intro.csproj", "{AC6FFD8F-A41A-400A-B126-E01E0CEC7E7C}"
EndProject
Global
	GlobalSection(SolutionConfigurationPlatforms) = preSolution
		Debug|Any CPU = Debug|Any CPU
		Release|Any CPU = Release|Any CPU
	EndGlobalSection
	GlobalSection(ProjectConfigurationPlatforms) = postSolution
		{AC6FFD8F-A41A-400A-B126-E01E0CEC7E7C}.Debug|Any CPU.ActiveCfg = Debug|Any CPU
		{AC6FFD8F-A41A-400A-B126-E01E0CEC7E7C}.Debug|Any CPU.Build.0 = Debug|Any CPU
		{AC6FFD8F-A41A-400A-B126-E01E0CEC7E7C}.Release|Any CPU.ActiveCfg = Release|Any CPU
		{AC6FFD8F-A41A-400A-B126-E01E0CEC7E7C}.Release|Any CPU.Build.0 = Release|Any CPU
	EndGlobalSection
	GlobalSection(SolutionProperties) = preSolution
		HideSolutionNode = FALSE
	EndGlobalSection
	GlobalSection(ExtensibilityGlobals) = postSolution
		SolutionGuid = {ADF91A7A-6703-45FB-8374-EE5C860D88A7}
	EndGlobalSection
EndGlobal
