
Microsoft Visual Studio Solution File, Format Version 12.00
# Visual Studio Version 16
VisualStudioVersion = 16.0.31729.503
MinimumVisualStudioVersion = 10.0.40219.1
Project("{FAE04EC0-301F-11D3-BF4B-00C04F79EFBC}") = "If Else", "If Else\If Else.csproj", "{E38B7824-6F7E-4E6C-B0A7-B8FF19C5A5F4}"
EndProject
Global
	GlobalSection(SolutionConfigurationPlatforms) = preSolution
		Debug|Any CPU = Debug|Any CPU
		Release|Any CPU = Release|Any CPU
	EndGlobalSection
	GlobalSection(ProjectConfigurationPlatforms) = postSolution
		{E38B7824-6F7E-4E6C-B0A7-B8FF19C5A5F4}.Debug|Any CPU.ActiveCfg = Debug|Any CPU
		{E38B7824-6F7E-4E6C-B0A7-B8FF19C5A5F4}.Debug|Any CPU.Build.0 = Debug|Any CPU
		{E38B7824-6F7E-4E6C-B0A7-B8FF19C5A5F4}.Release|Any CPU.ActiveCfg = Release|Any CPU
		{E38B7824-6F7E-4E6C-B0A7-B8FF19C5A5F4}.Release|Any CPU.Build.0 = Release|Any CPU
	EndGlobalSection
	GlobalSection(SolutionProperties) = preSolution
		HideSolutionNode = FALSE
	EndGlobalSection
	GlobalSection(ExtensibilityGlobals) = postSolution
		SolutionGuid = {37DDD159-7309-4DBE-930B-002F2309BDD8}
	EndGlobalSection
EndGlobal
