
Microsoft Visual Studio Solution File, Format Version 12.00
# Visual Studio Version 16
VisualStudioVersion = 16.0.31729.503
MinimumVisualStudioVersion = 10.0.40219.1
Project("{FAE04EC0-301F-11D3-BF4B-00C04F79EFBC}") = "Challenge If Statements", "Challenge If Statements\Challenge If Statements.csproj", "{8145F30C-CF52-4032-825F-7EA9AA6B5CCF}"
EndProject
Global
	GlobalSection(SolutionConfigurationPlatforms) = preSolution
		Debug|Any CPU = Debug|Any CPU
		Release|Any CPU = Release|Any CPU
	EndGlobalSection
	GlobalSection(ProjectConfigurationPlatforms) = postSolution
		{8145F30C-CF52-4032-825F-7EA9AA6B5CCF}.Debug|Any CPU.ActiveCfg = Debug|Any CPU
		{8145F30C-CF52-4032-825F-7EA9AA6B5CCF}.Debug|Any CPU.Build.0 = Debug|Any CPU
		{8145F30C-CF52-4032-825F-7EA9AA6B5CCF}.Release|Any CPU.ActiveCfg = Release|Any CPU
		{8145F30C-CF52-4032-825F-7EA9AA6B5CCF}.Release|Any CPU.Build.0 = Release|Any CPU
	EndGlobalSection
	GlobalSection(SolutionProperties) = preSolution
		HideSolutionNode = FALSE
	EndGlobalSection
	GlobalSection(ExtensibilityGlobals) = postSolution
		SolutionGuid = {83E72C40-26BA-46E4-A5E8-C48EF01346FC}
	EndGlobalSection
EndGlobal
