
Microsoft Visual Studio Solution File, Format Version 12.00
# Visual Studio Version 16
VisualStudioVersion = 16.0.31729.503
MinimumVisualStudioVersion = 10.0.40219.1
Project("{FAE04EC0-301F-11D3-BF4B-00C04F79EFBC}") = "Void Methods", "Void Methods\Void Methods.csproj", "{32EEDA79-A7DB-473A-B9E4-FE700621A4C1}"
EndProject
Global
	GlobalSection(SolutionConfigurationPlatforms) = preSolution
		Debug|Any CPU = Debug|Any CPU
		Release|Any CPU = Release|Any CPU
	EndGlobalSection
	GlobalSection(ProjectConfigurationPlatforms) = postSolution
		{32EEDA79-A7DB-473A-B9E4-FE700621A4C1}.Debug|Any CPU.ActiveCfg = Debug|Any CPU
		{32EEDA79-A7DB-473A-B9E4-FE700621A4C1}.Debug|Any CPU.Build.0 = Debug|Any CPU
		{32EEDA79-A7DB-473A-B9E4-FE700621A4C1}.Release|Any CPU.ActiveCfg = Release|Any CPU
		{32EEDA79-A7DB-473A-B9E4-FE700621A4C1}.Release|Any CPU.Build.0 = Release|Any CPU
	EndGlobalSection
	GlobalSection(SolutionProperties) = preSolution
		HideSolutionNode = FALSE
	EndGlobalSection
	GlobalSection(ExtensibilityGlobals) = postSolution
		SolutionGuid = {37FFEBAC-819D-4262-A64B-5B9DB3AE39AB}
	EndGlobalSection
EndGlobal
