
Microsoft Visual Studio Solution File, Format Version 12.00
# Visual Studio Version 16
VisualStudioVersion = 16.0.31729.503
MinimumVisualStudioVersion = 10.0.40219.1
Project("{FAE04EC0-301F-11D3-BF4B-00C04F79EFBC}") = "Method With Return", "Method With Return\Method With Return.csproj", "{3CA45A88-B093-466D-AD63-2E89D270C749}"
EndProject
Global
	GlobalSection(SolutionConfigurationPlatforms) = preSolution
		Debug|Any CPU = Debug|Any CPU
		Release|Any CPU = Release|Any CPU
	EndGlobalSection
	GlobalSection(ProjectConfigurationPlatforms) = postSolution
		{3CA45A88-B093-466D-AD63-2E89D270C749}.Debug|Any CPU.ActiveCfg = Debug|Any CPU
		{3CA45A88-B093-466D-AD63-2E89D270C749}.Debug|Any CPU.Build.0 = Debug|Any CPU
		{3CA45A88-B093-466D-AD63-2E89D270C749}.Release|Any CPU.ActiveCfg = Release|Any CPU
		{3CA45A88-B093-466D-AD63-2E89D270C749}.Release|Any CPU.Build.0 = Release|Any CPU
	EndGlobalSection
	GlobalSection(SolutionProperties) = preSolution
		HideSolutionNode = FALSE
	EndGlobalSection
	GlobalSection(ExtensibilityGlobals) = postSolution
		SolutionGuid = {789982FB-4C20-4AE0-85B1-459502A2871D}
	EndGlobalSection
EndGlobal
