
Microsoft Visual Studio Solution File, Format Version 12.00
# Visual Studio Version 16
VisualStudioVersion = 16.0.32126.315
MinimumVisualStudioVersion = 10.0.40219.1
Project("{FAE04EC0-301F-11D3-BF4B-00C04F79EFBC}") = "DelegatesDemo", "DelegatesDemo\DelegatesDemo.csproj", "{A44741DA-C67E-4342-ADB3-E5706ABCEFD8}"
EndProject
Global
	GlobalSection(SolutionConfigurationPlatforms) = preSolution
		Debug|Any CPU = Debug|Any CPU
		Release|Any CPU = Release|Any CPU
	EndGlobalSection
	GlobalSection(ProjectConfigurationPlatforms) = postSolution
		{A44741DA-C67E-4342-ADB3-E5706ABCEFD8}.Debug|Any CPU.ActiveCfg = Debug|Any CPU
		{A44741DA-C67E-4342-ADB3-E5706ABCEFD8}.Debug|Any CPU.Build.0 = Debug|Any CPU
		{A44741DA-C67E-4342-ADB3-E5706ABCEFD8}.Release|Any CPU.ActiveCfg = Release|Any CPU
		{A44741DA-C67E-4342-ADB3-E5706ABCEFD8}.Release|Any CPU.Build.0 = Release|Any CPU
	EndGlobalSection
	GlobalSection(SolutionProperties) = preSolution
		HideSolutionNode = FALSE
	EndGlobalSection
	GlobalSection(ExtensibilityGlobals) = postSolution
		SolutionGuid = {496C88C9-AE12-4777-AFFE-6DDB8DA8D950}
	EndGlobalSection
EndGlobal
