
Microsoft Visual Studio Solution File, Format Version 12.00
# Visual Studio Version 16
VisualStudioVersion = 16.0.32228.343
MinimumVisualStudioVersion = 10.0.40219.1
Project("{FAE04EC0-301F-11D3-BF4B-00C04F79EFBC}") = "WPF 13 RadioButtons", "WPF 13 RadioButtons\WPF 13 RadioButtons.csproj", "{1663216C-AF34-433A-9548-7CEA1DCC8520}"
EndProject
Global
	GlobalSection(SolutionConfigurationPlatforms) = preSolution
		Debug|Any CPU = Debug|Any CPU
		Release|Any CPU = Release|Any CPU
	EndGlobalSection
	GlobalSection(ProjectConfigurationPlatforms) = postSolution
		{1663216C-AF34-433A-9548-7CEA1DCC8520}.Debug|Any CPU.ActiveCfg = Debug|Any CPU
		{1663216C-AF34-433A-9548-7CEA1DCC8520}.Debug|Any CPU.Build.0 = Debug|Any CPU
		{1663216C-AF34-433A-9548-7CEA1DCC8520}.Release|Any CPU.ActiveCfg = Release|Any CPU
		{1663216C-AF34-433A-9548-7CEA1DCC8520}.Release|Any CPU.Build.0 = Release|Any CPU
	EndGlobalSection
	GlobalSection(SolutionProperties) = preSolution
		HideSolutionNode = FALSE
	EndGlobalSection
	GlobalSection(ExtensibilityGlobals) = postSolution
		SolutionGuid = {52A5062B-7BAF-4913-9EF0-8D76A15D6BEE}
	EndGlobalSection
EndGlobal
