
Microsoft Visual Studio Solution File, Format Version 12.00
# Visual Studio Version 16
VisualStudioVersion = 16.0.31729.503
MinimumVisualStudioVersion = 10.0.40219.1
Project("{FAE04EC0-301F-11D3-BF4B-00C04F79EFBC}") = "Using Constructor", "Using Constructor\Using Constructor.csproj", "{F94DEDA3-B9D2-48FE-B8CA-2F158A07156E}"
EndProject
Global
	GlobalSection(SolutionConfigurationPlatforms) = preSolution
		Debug|Any CPU = Debug|Any CPU
		Release|Any CPU = Release|Any CPU
	EndGlobalSection
	GlobalSection(ProjectConfigurationPlatforms) = postSolution
		{F94DEDA3-B9D2-48FE-B8CA-2F158A07156E}.Debug|Any CPU.ActiveCfg = Debug|Any CPU
		{F94DEDA3-B9D2-48FE-B8CA-2F158A07156E}.Debug|Any CPU.Build.0 = Debug|Any CPU
		{F94DEDA3-B9D2-48FE-B8CA-2F158A07156E}.Release|Any CPU.ActiveCfg = Release|Any CPU
		{F94DEDA3-B9D2-48FE-B8CA-2F158A07156E}.Release|Any CPU.Build.0 = Release|Any CPU
	EndGlobalSection
	GlobalSection(SolutionProperties) = preSolution
		HideSolutionNode = FALSE
	EndGlobalSection
	GlobalSection(ExtensibilityGlobals) = postSolution
		SolutionGuid = {FC921792-80F1-4A30-9DAD-CFC0899EE644}
	EndGlobalSection
EndGlobal
