
Microsoft Visual Studio Solution File, Format Version 12.00
# Visual Studio Version 16
VisualStudioVersion = 16.0.31729.503
MinimumVisualStudioVersion = 10.0.40219.1
Project("{FAE04EC0-301F-11D3-BF4B-00C04F79EFBC}") = "Foreach loops", "Foreach loops\Foreach loops.csproj", "{53FA0B1B-A0F4-4767-8FE2-7BADA8816087}"
EndProject
Global
	GlobalSection(SolutionConfigurationPlatforms) = preSolution
		Debug|Any CPU = Debug|Any CPU
		Release|Any CPU = Release|Any CPU
	EndGlobalSection
	GlobalSection(ProjectConfigurationPlatforms) = postSolution
		{53FA0B1B-A0F4-4767-8FE2-7BADA8816087}.Debug|Any CPU.ActiveCfg = Debug|Any CPU
		{53FA0B1B-A0F4-4767-8FE2-7BADA8816087}.Debug|Any CPU.Build.0 = Debug|Any CPU
		{53FA0B1B-A0F4-4767-8FE2-7BADA8816087}.Release|Any CPU.ActiveCfg = Release|Any CPU
		{53FA0B1B-A0F4-4767-8FE2-7BADA8816087}.Release|Any CPU.Build.0 = Release|Any CPU
	EndGlobalSection
	GlobalSection(SolutionProperties) = preSolution
		HideSolutionNode = FALSE
	EndGlobalSection
	GlobalSection(ExtensibilityGlobals) = postSolution
		SolutionGuid = {3AA4084E-9F17-4CBF-AFA6-19522FB326A5}
	EndGlobalSection
EndGlobal
