
Microsoft Visual Studio Solution File, Format Version 12.00
# Visual Studio Version 16
VisualStudioVersion = 16.0.32228.343
MinimumVisualStudioVersion = 10.0.40219.1
Project("{FAE04EC0-301F-11D3-BF4B-00C04F79EFBC}") = "ThreadJoinIsAlive", "ThreadJoinIsAlive\ThreadJoinIsAlive.csproj", "{19C05375-DA77-403E-BE7A-05F7DBADD2EF}"
EndProject
Global
	GlobalSection(SolutionConfigurationPlatforms) = preSolution
		Debug|Any CPU = Debug|Any CPU
		Release|Any CPU = Release|Any CPU
	EndGlobalSection
	GlobalSection(ProjectConfigurationPlatforms) = postSolution
		{19C05375-DA77-403E-BE7A-05F7DBADD2EF}.Debug|Any CPU.ActiveCfg = Debug|Any CPU
		{19C05375-DA77-403E-BE7A-05F7DBADD2EF}.Debug|Any CPU.Build.0 = Debug|Any CPU
		{19C05375-DA77-403E-BE7A-05F7DBADD2EF}.Release|Any CPU.ActiveCfg = Release|Any CPU
		{19C05375-DA77-403E-BE7A-05F7DBADD2EF}.Release|Any CPU.Build.0 = Release|Any CPU
	EndGlobalSection
	GlobalSection(SolutionProperties) = preSolution
		HideSolutionNode = FALSE
	EndGlobalSection
	GlobalSection(ExtensibilityGlobals) = postSolution
		SolutionGuid = {4AF32F8E-B9B3-4215-941C-045F5ADF25A2}
	EndGlobalSection
EndGlobal
